// !$*UTF8*$!
{
	archiveVersion = 1;
	classes = {
	};
	objectVersion = 50;
	objects = {

/* Begin PBXBuildFile section */
		9595ECB9238DE20800E99596 /* SecretSliderCell.swift in Sources */ = {isa = PBXBuildFile; fileRef = 9595ECB8238DE20800E99596 /* SecretSliderCell.swift */; };
		9595ECF9238DF76D00E99596 /* RxCocoa.framework in Frameworks */ = {isa = PBXBuildFile; fileRef = 9595ECE8238DF72400E99596 /* RxCocoa.framework */; };
		9595ECFA238DF76D00E99596 /* RxSwift.framework in Frameworks */ = {isa = PBXBuildFile; fileRef = 9595ECE6238DF72400E99596 /* RxSwift.framework */; };
		959AC9E0238C9E2A00B566D5 /* AppDelegate.swift in Sources */ = {isa = PBXBuildFile; fileRef = 959AC9DF238C9E2A00B566D5 /* AppDelegate.swift */; };
		959AC9E2238C9E2A00B566D5 /* ViewController.swift in Sources */ = {isa = PBXBuildFile; fileRef = 959AC9E1238C9E2A00B566D5 /* ViewController.swift */; };
		959AC9E4238C9E2B00B566D5 /* Assets.xcassets in Resources */ = {isa = PBXBuildFile; fileRef = 959AC9E3238C9E2B00B566D5 /* Assets.xcassets */; };
		959AC9E7238C9E2B00B566D5 /* Main.storyboard in Resources */ = {isa = PBXBuildFile; fileRef = 959AC9E5238C9E2B00B566D5 /* Main.storyboard */; };
		959AC9F3238C9E2C00B566D5 /* tab_barTests.swift in Sources */ = {isa = PBXBuildFile; fileRef = 959AC9F2238C9E2C00B566D5 /* tab_barTests.swift */; };
		959AC9FE238C9E2C00B566D5 /* tab_barUITests.swift in Sources */ = {isa = PBXBuildFile; fileRef = 959AC9FD238C9E2C00B566D5 /* tab_barUITests.swift */; };
		959ACA0C238CAE5700B566D5 /* TouchBarController.swift in Sources */ = {isa = PBXBuildFile; fileRef = 959ACA0B238CAE5700B566D5 /* TouchBarController.swift */; };
/* End PBXBuildFile section */

/* Begin PBXContainerItemProxy section */
		9595ECE5238DF72400E99596 /* PBXContainerItemProxy */ = {
			isa = PBXContainerItemProxy;
			containerPortal = 9595ECD8238DF72300E99596 /* Rx.xcodeproj */;
			proxyType = 2;
			remoteGlobalIDString = C8A56AD71AD7424700B4673B;
			remoteInfo = RxSwift;
		};
		9595ECE7238DF72400E99596 /* PBXContainerItemProxy */ = {
			isa = PBXContainerItemProxy;
			containerPortal = 9595ECD8238DF72300E99596 /* Rx.xcodeproj */;
			proxyType = 2;
			remoteGlobalIDString = C809396D1B8A71760088E94D;
			remoteInfo = RxCocoa;
		};
		9595ECE9238DF72400E99596 /* PBXContainerItemProxy */ = {
			isa = PBXContainerItemProxy;
			containerPortal = 9595ECD8238DF72300E99596 /* Rx.xcodeproj */;
			proxyType = 2;
			remoteGlobalIDString = A2897D53225CA1E7004EA481;
			remoteInfo = RxRelay;
		};
		9595ECEB238DF72400E99596 /* PBXContainerItemProxy */ = {
			isa = PBXContainerItemProxy;
			containerPortal = 9595ECD8238DF72300E99596 /* Rx.xcodeproj */;
			proxyType = 2;
			remoteGlobalIDString = C8093BC71B8A71F00088E94D;
			remoteInfo = RxBlocking;
		};
		9595ECED238DF72400E99596 /* PBXContainerItemProxy */ = {
			isa = PBXContainerItemProxy;
			containerPortal = 9595ECD8238DF72300E99596 /* Rx.xcodeproj */;
			proxyType = 2;
			remoteGlobalIDString = C88FA50C1C25C44800CCFEA4;
			remoteInfo = RxTest;
		};
		9595ECEF238DF72400E99596 /* PBXContainerItemProxy */ = {
			isa = PBXContainerItemProxy;
			containerPortal = 9595ECD8238DF72300E99596 /* Rx.xcodeproj */;
			proxyType = 2;
			remoteGlobalIDString = C83508C31C386F6F0027C24C;
			remoteInfo = "AllTests-iOS";
		};
		9595ECF1238DF72400E99596 /* PBXContainerItemProxy */ = {
			isa = PBXContainerItemProxy;
			containerPortal = 9595ECD8238DF72300E99596 /* Rx.xcodeproj */;
			proxyType = 2;
			remoteGlobalIDString = C83509841C38740E0027C24C;
			remoteInfo = "AllTests-tvOS";
		};
		9595ECF3238DF72400E99596 /* PBXContainerItemProxy */ = {
			isa = PBXContainerItemProxy;
			containerPortal = 9595ECD8238DF72300E99596 /* Rx.xcodeproj */;
			proxyType = 2;
			remoteGlobalIDString = C83509941C38742C0027C24C;
			remoteInfo = "AllTests-macOS";
		};
		9595ECF5238DF72400E99596 /* PBXContainerItemProxy */ = {
			isa = PBXContainerItemProxy;
			containerPortal = 9595ECD8238DF72300E99596 /* Rx.xcodeproj */;
			proxyType = 2;
			remoteGlobalIDString = C85BA04B1C3878740075D68E;
			remoteInfo = Microoptimizations;
		};
		9595ECF7238DF72400E99596 /* PBXContainerItemProxy */ = {
			isa = PBXContainerItemProxy;
			containerPortal = 9595ECD8238DF72300E99596 /* Rx.xcodeproj */;
			proxyType = 2;
			remoteGlobalIDString = C8E8BA551E2C181A00A4AC2C;
			remoteInfo = Benchmarks;
		};
		959AC9EF238C9E2C00B566D5 /* PBXContainerItemProxy */ = {
			isa = PBXContainerItemProxy;
			containerPortal = 959AC9D4238C9E2A00B566D5 /* Project object */;
			proxyType = 1;
			remoteGlobalIDString = 959AC9DB238C9E2A00B566D5;
			remoteInfo = tab_bar;
		};
		959AC9FA238C9E2C00B566D5 /* PBXContainerItemProxy */ = {
			isa = PBXContainerItemProxy;
			containerPortal = 959AC9D4238C9E2A00B566D5 /* Project object */;
			proxyType = 1;
			remoteGlobalIDString = 959AC9DB238C9E2A00B566D5;
			remoteInfo = tab_bar;
		};
/* End PBXContainerItemProxy section */

/* Begin PBXFileReference section */
		9595ECB8238DE20800E99596 /* SecretSliderCell.swift */ = {isa = PBXFileReference; lastKnownFileType = sourcecode.swift; path = SecretSliderCell.swift; sourceTree = "<group>"; };
		9595ECBB238DF12C00E99596 /* RxCocoa.framework */ = {isa = PBXFileReference; lastKnownFileType = wrapper.framework; name = RxCocoa.framework; path = Carthage/Build/Mac/RxCocoa.framework; sourceTree = "<group>"; };
		9595ECBC238DF12C00E99596 /* RxRelay.framework.dSYM */ = {isa = PBXFileReference; lastKnownFileType = wrapper.dsym; name = RxRelay.framework.dSYM; path = Carthage/Build/Mac/RxRelay.framework.dSYM; sourceTree = "<group>"; };
		9595ECBD238DF12C00E99596 /* RxRelay.framework */ = {isa = PBXFileReference; lastKnownFileType = wrapper.framework; name = RxRelay.framework; path = Carthage/Build/Mac/RxRelay.framework; sourceTree = "<group>"; };
		9595ECBE238DF12C00E99596 /* RxCocoa.framework.dSYM */ = {isa = PBXFileReference; lastKnownFileType = wrapper.dsym; name = RxCocoa.framework.dSYM; path = Carthage/Build/Mac/RxCocoa.framework.dSYM; sourceTree = "<group>"; };
		9595ECBF238DF12C00E99596 /* RxSwift.framework */ = {isa = PBXFileReference; lastKnownFileType = wrapper.framework; name = RxSwift.framework; path = Carthage/Build/Mac/RxSwift.framework; sourceTree = "<group>"; };
		9595ECC0238DF12C00E99596 /* RxBlocking.framework.dSYM */ = {isa = PBXFileReference; lastKnownFileType = wrapper.dsym; name = RxBlocking.framework.dSYM; path = Carthage/Build/Mac/RxBlocking.framework.dSYM; sourceTree = "<group>"; };
		9595ECC1238DF12C00E99596 /* RxSwift.framework.dSYM */ = {isa = PBXFileReference; lastKnownFileType = wrapper.dsym; name = RxSwift.framework.dSYM; path = Carthage/Build/Mac/RxSwift.framework.dSYM; sourceTree = "<group>"; };
		9595ECC2238DF12C00E99596 /* RxBlocking.framework */ = {isa = PBXFileReference; lastKnownFileType = wrapper.framework; name = RxBlocking.framework; path = Carthage/Build/Mac/RxBlocking.framework; sourceTree = "<group>"; };
		9595ECC3238DF12C00E99596 /* RxTest.framework */ = {isa = PBXFileReference; lastKnownFileType = wrapper.framework; name = RxTest.framework; path = Carthage/Build/Mac/RxTest.framework; sourceTree = "<group>"; };
		9595ECC4238DF12C00E99596 /* RxTest.framework.dSYM */ = {isa = PBXFileReference; lastKnownFileType = wrapper.dsym; name = RxTest.framework.dSYM; path = Carthage/Build/Mac/RxTest.framework.dSYM; sourceTree = "<group>"; };
		9595ECD0238DF18D00E99596 /* RxCocoa.framework */ = {isa = PBXFileReference; lastKnownFileType = wrapper.framework; name = RxCocoa.framework; path = Carthage/Build/iOS/RxCocoa.framework; sourceTree = "<group>"; };
		9595ECD8238DF72300E99596 /* Rx.xcodeproj */ = {isa = PBXFileReference; lastKnownFileType = "wrapper.pb-project"; name = Rx.xcodeproj; path = RxSwift/Rx.xcodeproj; sourceTree = "<group>"; };
		959AC9DC238C9E2A00B566D5 /* MagicTouch8.app */ = {isa = PBXFileReference; explicitFileType = wrapper.application; includeInIndex = 0; path = MagicTouch8.app; sourceTree = BUILT_PRODUCTS_DIR; };
		959AC9DF238C9E2A00B566D5 /* AppDelegate.swift */ = {isa = PBXFileReference; lastKnownFileType = sourcecode.swift; path = AppDelegate.swift; sourceTree = "<group>"; };
		959AC9E1238C9E2A00B566D5 /* ViewController.swift */ = {isa = PBXFileReference; lastKnownFileType = sourcecode.swift; path = ViewController.swift; sourceTree = "<group>"; };
		959AC9E3238C9E2B00B566D5 /* Assets.xcassets */ = {isa = PBXFileReference; lastKnownFileType = folder.assetcatalog; path = Assets.xcassets; sourceTree = "<group>"; };
		959AC9E6238C9E2B00B566D5 /* Base */ = {isa = PBXFileReference; lastKnownFileType = file.storyboard; name = Base; path = Base.lproj/Main.storyboard; sourceTree = "<group>"; };
		959AC9E8238C9E2B00B566D5 /* Info.plist */ = {isa = PBXFileReference; lastKnownFileType = text.plist.xml; path = Info.plist; sourceTree = "<group>"; };
		959AC9E9238C9E2B00B566D5 /* tab_bar.entitlements */ = {isa = PBXFileReference; lastKnownFileType = text.plist.entitlements; path = tab_bar.entitlements; sourceTree = "<group>"; };
		959AC9EE238C9E2C00B566D5 /* MagicTouch8Tests.xctest */ = {isa = PBXFileReference; explicitFileType = wrapper.cfbundle; includeInIndex = 0; path = MagicTouch8Tests.xctest; sourceTree = BUILT_PRODUCTS_DIR; };
		959AC9F2238C9E2C00B566D5 /* tab_barTests.swift */ = {isa = PBXFileReference; lastKnownFileType = sourcecode.swift; path = tab_barTests.swift; sourceTree = "<group>"; };
		959AC9F4238C9E2C00B566D5 /* Info.plist */ = {isa = PBXFileReference; lastKnownFileType = text.plist.xml; path = Info.plist; sourceTree = "<group>"; };
		959AC9F9238C9E2C00B566D5 /* MagicTouch8UITests.xctest */ = {isa = PBXFileReference; explicitFileType = wrapper.cfbundle; includeInIndex = 0; path = MagicTouch8UITests.xctest; sourceTree = BUILT_PRODUCTS_DIR; };
		959AC9FD238C9E2C00B566D5 /* tab_barUITests.swift */ = {isa = PBXFileReference; lastKnownFileType = sourcecode.swift; path = tab_barUITests.swift; sourceTree = "<group>"; };
		959AC9FF238C9E2C00B566D5 /* Info.plist */ = {isa = PBXFileReference; lastKnownFileType = text.plist.xml; path = Info.plist; sourceTree = "<group>"; };
		959ACA0B238CAE5700B566D5 /* TouchBarController.swift */ = {isa = PBXFileReference; lastKnownFileType = sourcecode.swift; path = TouchBarController.swift; sourceTree = "<group>"; };
/* End PBXFileReference section */

/* Begin PBXFrameworksBuildPhase section */
		959AC9D9238C9E2A00B566D5 /* Frameworks */ = {
			isa = PBXFrameworksBuildPhase;
			buildActionMask = 2147483647;
			files = (
				9595ECF9238DF76D00E99596 /* RxCocoa.framework in Frameworks */,
				9595ECFA238DF76D00E99596 /* RxSwift.framework in Frameworks */,
			);
			runOnlyForDeploymentPostprocessing = 0;
		};
		959AC9EB238C9E2C00B566D5 /* Frameworks */ = {
			isa = PBXFrameworksBuildPhase;
			buildActionMask = 2147483647;
			files = (
			);
			runOnlyForDeploymentPostprocessing = 0;
		};
		959AC9F6238C9E2C00B566D5 /* Frameworks */ = {
			isa = PBXFrameworksBuildPhase;
			buildActionMask = 2147483647;
			files = (
			);
			runOnlyForDeploymentPostprocessing = 0;
		};
/* End PBXFrameworksBuildPhase section */

/* Begin PBXGroup section */
		9595ECBA238DF12B00E99596 /* Frameworks */ = {
			isa = PBXGroup;
			children = (
				9595ECD8238DF72300E99596 /* Rx.xcodeproj */,
				9595ECD0238DF18D00E99596 /* RxCocoa.framework */,
				9595ECC2238DF12C00E99596 /* RxBlocking.framework */,
				9595ECC0238DF12C00E99596 /* RxBlocking.framework.dSYM */,
				9595ECBB238DF12C00E99596 /* RxCocoa.framework */,
				9595ECBE238DF12C00E99596 /* RxCocoa.framework.dSYM */,
				9595ECBD238DF12C00E99596 /* RxRelay.framework */,
				9595ECBC238DF12C00E99596 /* RxRelay.framework.dSYM */,
				9595ECBF238DF12C00E99596 /* RxSwift.framework */,
				9595ECC1238DF12C00E99596 /* RxSwift.framework.dSYM */,
				9595ECC3238DF12C00E99596 /* RxTest.framework */,
				9595ECC4238DF12C00E99596 /* RxTest.framework.dSYM */,
			);
			name = Frameworks;
			sourceTree = "<group>";
		};
		9595ECD9238DF72300E99596 /* Products */ = {
			isa = PBXGroup;
			children = (
				9595ECE6238DF72400E99596 /* RxSwift.framework */,
				9595ECE8238DF72400E99596 /* RxCocoa.framework */,
				9595ECEA238DF72400E99596 /* RxRelay.framework */,
				9595ECEC238DF72400E99596 /* RxBlocking.framework */,
				9595ECEE238DF72400E99596 /* RxTest.framework */,
				9595ECF0238DF72400E99596 /* AllTests-iOS.xctest */,
				9595ECF2238DF72400E99596 /* AllTests-tvOS.xctest */,
				9595ECF4238DF72400E99596 /* AllTests-macOS.xctest */,
				9595ECF6238DF72400E99596 /* PerformanceTests.app */,
				9595ECF8238DF72400E99596 /* Benchmarks.xctest */,
			);
			name = Products;
			sourceTree = "<group>";
		};
		959AC9D3238C9E2A00B566D5 = {
			isa = PBXGroup;
			children = (
				959AC9DE238C9E2A00B566D5 /* tab_bar */,
				959AC9F1238C9E2C00B566D5 /* tab_barTests */,
				959AC9FC238C9E2C00B566D5 /* tab_barUITests */,
				959AC9DD238C9E2A00B566D5 /* Products */,
				9595ECBA238DF12B00E99596 /* Frameworks */,
			);
			sourceTree = "<group>";
		};
		959AC9DD238C9E2A00B566D5 /* Products */ = {
			isa = PBXGroup;
			children = (
				959AC9DC238C9E2A00B566D5 /* MagicTouch8.app */,
				959AC9EE238C9E2C00B566D5 /* MagicTouch8Tests.xctest */,
				959AC9F9238C9E2C00B566D5 /* MagicTouch8UITests.xctest */,
			);
			name = Products;
			sourceTree = "<group>";
		};
		959AC9DE238C9E2A00B566D5 /* tab_bar */ = {
			isa = PBXGroup;
			children = (
				959AC9DF238C9E2A00B566D5 /* AppDelegate.swift */,
				959AC9E1238C9E2A00B566D5 /* ViewController.swift */,
				959AC9E3238C9E2B00B566D5 /* Assets.xcassets */,
				959AC9E5238C9E2B00B566D5 /* Main.storyboard */,
				959AC9E8238C9E2B00B566D5 /* Info.plist */,
				959AC9E9238C9E2B00B566D5 /* tab_bar.entitlements */,
				959ACA0B238CAE5700B566D5 /* TouchBarController.swift */,
				9595ECB8238DE20800E99596 /* SecretSliderCell.swift */,
			);
			path = tab_bar;
			sourceTree = "<group>";
		};
		959AC9F1238C9E2C00B566D5 /* tab_barTests */ = {
			isa = PBXGroup;
			children = (
				959AC9F2238C9E2C00B566D5 /* tab_barTests.swift */,
				959AC9F4238C9E2C00B566D5 /* Info.plist */,
			);
			path = tab_barTests;
			sourceTree = "<group>";
		};
		959AC9FC238C9E2C00B566D5 /* tab_barUITests */ = {
			isa = PBXGroup;
			children = (
				959AC9FD238C9E2C00B566D5 /* tab_barUITests.swift */,
				959AC9FF238C9E2C00B566D5 /* Info.plist */,
			);
			path = tab_barUITests;
			sourceTree = "<group>";
		};
/* End PBXGroup section */

/* Begin PBXNativeTarget section */
		959AC9DB238C9E2A00B566D5 /* MagicTouch8 */ = {
			isa = PBXNativeTarget;
			buildConfigurationList = 959ACA02238C9E2C00B566D5 /* Build configuration list for PBXNativeTarget "MagicTouch8" */;
			buildPhases = (
				959AC9D8238C9E2A00B566D5 /* Sources */,
				959AC9D9238C9E2A00B566D5 /* Frameworks */,
				959AC9DA238C9E2A00B566D5 /* Resources */,
			);
			buildRules = (
			);
			dependencies = (
			);
			name = MagicTouch8;
			productName = tab_bar;
			productReference = 959AC9DC238C9E2A00B566D5 /* MagicTouch8.app */;
			productType = "com.apple.product-type.application";
		};
		959AC9ED238C9E2C00B566D5 /* MagicTouch8Tests */ = {
			isa = PBXNativeTarget;
			buildConfigurationList = 959ACA05238C9E2C00B566D5 /* Build configuration list for PBXNativeTarget "MagicTouch8Tests" */;
			buildPhases = (
				959AC9EA238C9E2C00B566D5 /* Sources */,
				959AC9EB238C9E2C00B566D5 /* Frameworks */,
				959AC9EC238C9E2C00B566D5 /* Resources */,
			);
			buildRules = (
			);
			dependencies = (
				959AC9F0238C9E2C00B566D5 /* PBXTargetDependency */,
			);
			name = MagicTouch8Tests;
			productName = tab_barTests;
			productReference = 959AC9EE238C9E2C00B566D5 /* MagicTouch8Tests.xctest */;
			productType = "com.apple.product-type.bundle.unit-test";
		};
		959AC9F8238C9E2C00B566D5 /* MagicTouch8UITests */ = {
			isa = PBXNativeTarget;
			buildConfigurationList = 959ACA08238C9E2C00B566D5 /* Build configuration list for PBXNativeTarget "MagicTouch8UITests" */;
			buildPhases = (
				959AC9F5238C9E2C00B566D5 /* Sources */,
				959AC9F6238C9E2C00B566D5 /* Frameworks */,
				959AC9F7238C9E2C00B566D5 /* Resources */,
			);
			buildRules = (
			);
			dependencies = (
				959AC9FB238C9E2C00B566D5 /* PBXTargetDependency */,
			);
			name = MagicTouch8UITests;
			productName = tab_barUITests;
			productReference = 959AC9F9238C9E2C00B566D5 /* MagicTouch8UITests.xctest */;
			productType = "com.apple.product-type.bundle.ui-testing";
		};
/* End PBXNativeTarget section */

/* Begin PBXProject section */
		959AC9D4238C9E2A00B566D5 /* Project object */ = {
			isa = PBXProject;
			attributes = {
				LastSwiftUpdateCheck = 1120;
				LastUpgradeCheck = 1120;
				ORGANIZATIONNAME = Anna;
				TargetAttributes = {
					959AC9DB238C9E2A00B566D5 = {
						CreatedOnToolsVersion = 11.2;
					};
					959AC9ED238C9E2C00B566D5 = {
						CreatedOnToolsVersion = 11.2;
						TestTargetID = 959AC9DB238C9E2A00B566D5;
					};
					959AC9F8238C9E2C00B566D5 = {
						CreatedOnToolsVersion = 11.2;
						TestTargetID = 959AC9DB238C9E2A00B566D5;
					};
				};
			};
			buildConfigurationList = 959AC9D7238C9E2A00B566D5 /* Build configuration list for PBXProject "MagicTouch8" */;
			compatibilityVersion = "Xcode 9.3";
			developmentRegion = en;
			hasScannedForEncodings = 0;
			knownRegions = (
				en,
				Base,
			);
			mainGroup = 959AC9D3238C9E2A00B566D5;
			productRefGroup = 959AC9DD238C9E2A00B566D5 /* Products */;
			projectDirPath = "";
			projectReferences = (
				{
					ProductGroup = 9595ECD9238DF72300E99596 /* Products */;
					ProjectRef = 9595ECD8238DF72300E99596 /* Rx.xcodeproj */;
				},
			);
			projectRoot = "";
			targets = (
				959AC9DB238C9E2A00B566D5 /* MagicTouch8 */,
				959AC9ED238C9E2C00B566D5 /* MagicTouch8Tests */,
				959AC9F8238C9E2C00B566D5 /* MagicTouch8UITests */,
			);
		};
/* End PBXProject section */

/* Begin PBXReferenceProxy section */
		9595ECE6238DF72400E99596 /* RxSwift.framework */ = {
			isa = PBXReferenceProxy;
			fileType = wrapper.framework;
			path = RxSwift.framework;
			remoteRef = 9595ECE5238DF72400E99596 /* PBXContainerItemProxy */;
			sourceTree = BUILT_PRODUCTS_DIR;
		};
		9595ECE8238DF72400E99596 /* RxCocoa.framework */ = {
			isa = PBXReferenceProxy;
			fileType = wrapper.framework;
			path = RxCocoa.framework;
			remoteRef = 9595ECE7238DF72400E99596 /* PBXContainerItemProxy */;
			sourceTree = BUILT_PRODUCTS_DIR;
		};
		9595ECEA238DF72400E99596 /* RxRelay.framework */ = {
			isa = PBXReferenceProxy;
			fileType = wrapper.framework;
			path = RxRelay.framework;
			remoteRef = 9595ECE9238DF72400E99596 /* PBXContainerItemProxy */;
			sourceTree = BUILT_PRODUCTS_DIR;
		};
		9595ECEC238DF72400E99596 /* RxBlocking.framework */ = {
			isa = PBXReferenceProxy;
			fileType = wrapper.framework;
			path = RxBlocking.framework;
			remoteRef = 9595ECEB238DF72400E99596 /* PBXContainerItemProxy */;
			sourceTree = BUILT_PRODUCTS_DIR;
		};
		9595ECEE238DF72400E99596 /* RxTest.framework */ = {
			isa = PBXReferenceProxy;
			fileType = wrapper.framework;
			path = RxTest.framework;
			remoteRef = 9595ECED238DF72400E99596 /* PBXContainerItemProxy */;
			sourceTree = BUILT_PRODUCTS_DIR;
		};
		9595ECF0238DF72400E99596 /* AllTests-iOS.xctest */ = {
			isa = PBXReferenceProxy;
			fileType = wrapper.cfbundle;
			path = "AllTests-iOS.xctest";
			remoteRef = 9595ECEF238DF72400E99596 /* PBXContainerItemProxy */;
			sourceTree = BUILT_PRODUCTS_DIR;
		};
		9595ECF2238DF72400E99596 /* AllTests-tvOS.xctest */ = {
			isa = PBXReferenceProxy;
			fileType = wrapper.cfbundle;
			path = "AllTests-tvOS.xctest";
			remoteRef = 9595ECF1238DF72400E99596 /* PBXContainerItemProxy */;
			sourceTree = BUILT_PRODUCTS_DIR;
		};
		9595ECF4238DF72400E99596 /* AllTests-macOS.xctest */ = {
			isa = PBXReferenceProxy;
			fileType = wrapper.cfbundle;
			path = "AllTests-macOS.xctest";
			remoteRef = 9595ECF3238DF72400E99596 /* PBXContainerItemProxy */;
			sourceTree = BUILT_PRODUCTS_DIR;
		};
		9595ECF6238DF72400E99596 /* PerformanceTests.app */ = {
			isa = PBXReferenceProxy;
			fileType = wrapper.application;
			name = PerformanceTests.app;
			path = Microoptimizations.app;
			remoteRef = 9595ECF5238DF72400E99596 /* PBXContainerItemProxy */;
			sourceTree = BUILT_PRODUCTS_DIR;
		};
		9595ECF8238DF72400E99596 /* Benchmarks.xctest */ = {
			isa = PBXReferenceProxy;
			fileType = wrapper.cfbundle;
			path = Benchmarks.xctest;
			remoteRef = 9595ECF7238DF72400E99596 /* PBXContainerItemProxy */;
			sourceTree = BUILT_PRODUCTS_DIR;
		};
/* End PBXReferenceProxy section */

/* Begin PBXResourcesBuildPhase section */
		959AC9DA238C9E2A00B566D5 /* Resources */ = {
			isa = PBXResourcesBuildPhase;
			buildActionMask = 2147483647;
			files = (
				959AC9E4238C9E2B00B566D5 /* Assets.xcassets in Resources */,
				959AC9E7238C9E2B00B566D5 /* Main.storyboard in Resources */,
			);
			runOnlyForDeploymentPostprocessing = 0;
		};
		959AC9EC238C9E2C00B566D5 /* Resources */ = {
			isa = PBXResourcesBuildPhase;
			buildActionMask = 2147483647;
			files = (
			);
			runOnlyForDeploymentPostprocessing = 0;
		};
		959AC9F7238C9E2C00B566D5 /* Resources */ = {
			isa = PBXResourcesBuildPhase;
			buildActionMask = 2147483647;
			files = (
			);
			runOnlyForDeploymentPostprocessing = 0;
		};
/* End PBXResourcesBuildPhase section */

/* Begin PBXSourcesBuildPhase section */
		959AC9D8238C9E2A00B566D5 /* Sources */ = {
			isa = PBXSourcesBuildPhase;
			buildActionMask = 2147483647;
			files = (
				959AC9E2238C9E2A00B566D5 /* ViewController.swift in Sources */,
				959ACA0C238CAE5700B566D5 /* TouchBarController.swift in Sources */,
				9595ECB9238DE20800E99596 /* SecretSliderCell.swift in Sources */,
				959AC9E0238C9E2A00B566D5 /* AppDelegate.swift in Sources */,
			);
			runOnlyForDeploymentPostprocessing = 0;
		};
		959AC9EA238C9E2C00B566D5 /* Sources */ = {
			isa = PBXSourcesBuildPhase;
			buildActionMask = 2147483647;
			files = (
				959AC9F3238C9E2C00B566D5 /* tab_barTests.swift in Sources */,
			);
			runOnlyForDeploymentPostprocessing = 0;
		};
		959AC9F5238C9E2C00B566D5 /* Sources */ = {
			isa = PBXSourcesBuildPhase;
			buildActionMask = 2147483647;
			files = (
				959AC9FE238C9E2C00B566D5 /* tab_barUITests.swift in Sources */,
			);
			runOnlyForDeploymentPostprocessing = 0;
		};
/* End PBXSourcesBuildPhase section */

/* Begin PBXTargetDependency section */
		959AC9F0238C9E2C00B566D5 /* PBXTargetDependency */ = {
			isa = PBXTargetDependency;
			target = 959AC9DB238C9E2A00B566D5 /* MagicTouch8 */;
			targetProxy = 959AC9EF238C9E2C00B566D5 /* PBXContainerItemProxy */;
		};
		959AC9FB238C9E2C00B566D5 /* PBXTargetDependency */ = {
			isa = PBXTargetDependency;
			target = 959AC9DB238C9E2A00B566D5 /* MagicTouch8 */;
			targetProxy = 959AC9FA238C9E2C00B566D5 /* PBXContainerItemProxy */;
		};
/* End PBXTargetDependency section */

/* Begin PBXVariantGroup section */
		959AC9E5238C9E2B00B566D5 /* Main.storyboard */ = {
			isa = PBXVariantGroup;
			children = (
				959AC9E6238C9E2B00B566D5 /* Base */,
			);
			name = Main.storyboard;
			sourceTree = "<group>";
		};
/* End PBXVariantGroup section */

/* Begin XCBuildConfiguration section */
		959ACA00238C9E2C00B566D5 /* Debug */ = {
			isa = XCBuildConfiguration;
			buildSettings = {
				ALWAYS_SEARCH_USER_PATHS = NO;
				CLANG_ANALYZER_NONNULL = YES;
				CLANG_ANALYZER_NUMBER_OBJECT_CONVERSION = YES_AGGRESSIVE;
				CLANG_CXX_LANGUAGE_STANDARD = "gnu++14";
				CLANG_CXX_LIBRARY = "libc++";
				CLANG_ENABLE_MODULES = YES;
				CLANG_ENABLE_OBJC_ARC = YES;
				CLANG_ENABLE_OBJC_WEAK = YES;
				CLANG_WARN_BLOCK_CAPTURE_AUTORELEASING = YES;
				CLANG_WARN_BOOL_CONVERSION = YES;
				CLANG_WARN_COMMA = YES;
				CLANG_WARN_CONSTANT_CONVERSION = YES;
				CLANG_WARN_DEPRECATED_OBJC_IMPLEMENTATIONS = YES;
				CLANG_WARN_DIRECT_OBJC_ISA_USAGE = YES_ERROR;
				CLANG_WARN_DOCUMENTATION_COMMENTS = YES;
				CLANG_WARN_EMPTY_BODY = YES;
				CLANG_WARN_ENUM_CONVERSION = YES;
				CLANG_WARN_INFINITE_RECURSION = YES;
				CLANG_WARN_INT_CONVERSION = YES;
				CLANG_WARN_NON_LITERAL_NULL_CONVERSION = YES;
				CLANG_WARN_OBJC_IMPLICIT_RETAIN_SELF = YES;
				CLANG_WARN_OBJC_LITERAL_CONVERSION = YES;
				CLANG_WARN_OBJC_ROOT_CLASS = YES_ERROR;
				CLANG_WARN_RANGE_LOOP_ANALYSIS = YES;
				CLANG_WARN_STRICT_PROTOTYPES = YES;
				CLANG_WARN_SUSPICIOUS_MOVE = YES;
				CLANG_WARN_UNGUARDED_AVAILABILITY = YES_AGGRESSIVE;
				CLANG_WARN_UNREACHABLE_CODE = YES;
				CLANG_WARN__DUPLICATE_METHOD_MATCH = YES;
				COPY_PHASE_STRIP = NO;
				DEBUG_INFORMATION_FORMAT = dwarf;
				ENABLE_STRICT_OBJC_MSGSEND = YES;
				ENABLE_TESTABILITY = YES;
				GCC_C_LANGUAGE_STANDARD = gnu11;
				GCC_DYNAMIC_NO_PIC = NO;
				GCC_NO_COMMON_BLOCKS = YES;
				GCC_OPTIMIZATION_LEVEL = 0;
				GCC_PREPROCESSOR_DEFINITIONS = (
					"DEBUG=1",
					"$(inherited)",
				);
				GCC_WARN_64_TO_32_BIT_CONVERSION = YES;
				GCC_WARN_ABOUT_RETURN_TYPE = YES_ERROR;
				GCC_WARN_UNDECLARED_SELECTOR = YES;
				GCC_WARN_UNINITIALIZED_AUTOS = YES_AGGRESSIVE;
				GCC_WARN_UNUSED_FUNCTION = YES;
				GCC_WARN_UNUSED_VARIABLE = YES;
				MACOSX_DEPLOYMENT_TARGET = 10.14;
				MTL_ENABLE_DEBUG_INFO = INCLUDE_SOURCE;
				MTL_FAST_MATH = YES;
				ONLY_ACTIVE_ARCH = YES;
				SDKROOT = macosx;
				SWIFT_ACTIVE_COMPILATION_CONDITIONS = DEBUG;
				SWIFT_OPTIMIZATION_LEVEL = "-Onone";
				SWIFT_VERSION = 5.0;
			};
			name = Debug;
		};
		959ACA01238C9E2C00B566D5 /* Release */ = {
			isa = XCBuildConfiguration;
			buildSettings = {
				ALWAYS_SEARCH_USER_PATHS = NO;
				CLANG_ANALYZER_NONNULL = YES;
				CLANG_ANALYZER_NUMBER_OBJECT_CONVERSION = YES_AGGRESSIVE;
				CLANG_CXX_LANGUAGE_STANDARD = "gnu++14";
				CLANG_CXX_LIBRARY = "libc++";
				CLANG_ENABLE_MODULES = YES;
				CLANG_ENABLE_OBJC_ARC = YES;
				CLANG_ENABLE_OBJC_WEAK = YES;
				CLANG_WARN_BLOCK_CAPTURE_AUTORELEASING = YES;
				CLANG_WARN_BOOL_CONVERSION = YES;
				CLANG_WARN_COMMA = YES;
				CLANG_WARN_CONSTANT_CONVERSION = YES;
				CLANG_WARN_DEPRECATED_OBJC_IMPLEMENTATIONS = YES;
				CLANG_WARN_DIRECT_OBJC_ISA_USAGE = YES_ERROR;
				CLANG_WARN_DOCUMENTATION_COMMENTS = YES;
				CLANG_WARN_EMPTY_BODY = YES;
				CLANG_WARN_ENUM_CONVERSION = YES;
				CLANG_WARN_INFINITE_RECURSION = YES;
				CLANG_WARN_INT_CONVERSION = YES;
				CLANG_WARN_NON_LITERAL_NULL_CONVERSION = YES;
				CLANG_WARN_OBJC_IMPLICIT_RETAIN_SELF = YES;
				CLANG_WARN_OBJC_LITERAL_CONVERSION = YES;
				CLANG_WARN_OBJC_ROOT_CLASS = YES_ERROR;
				CLANG_WARN_RANGE_LOOP_ANALYSIS = YES;
				CLANG_WARN_STRICT_PROTOTYPES = YES;
				CLANG_WARN_SUSPICIOUS_MOVE = YES;
				CLANG_WARN_UNGUARDED_AVAILABILITY = YES_AGGRESSIVE;
				CLANG_WARN_UNREACHABLE_CODE = YES;
				CLANG_WARN__DUPLICATE_METHOD_MATCH = YES;
				COPY_PHASE_STRIP = NO;
				DEBUG_INFORMATION_FORMAT = "dwarf-with-dsym";
				ENABLE_NS_ASSERTIONS = NO;
				ENABLE_STRICT_OBJC_MSGSEND = YES;
				GCC_C_LANGUAGE_STANDARD = gnu11;
				GCC_NO_COMMON_BLOCKS = YES;
				GCC_WARN_64_TO_32_BIT_CONVERSION = YES;
				GCC_WARN_ABOUT_RETURN_TYPE = YES_ERROR;
				GCC_WARN_UNDECLARED_SELECTOR = YES;
				GCC_WARN_UNINITIALIZED_AUTOS = YES_AGGRESSIVE;
				GCC_WARN_UNUSED_FUNCTION = YES;
				GCC_WARN_UNUSED_VARIABLE = YES;
				MACOSX_DEPLOYMENT_TARGET = 10.14;
				MTL_ENABLE_DEBUG_INFO = NO;
				MTL_FAST_MATH = YES;
				SDKROOT = macosx;
				SWIFT_COMPILATION_MODE = wholemodule;
				SWIFT_OPTIMIZATION_LEVEL = "-O";
				SWIFT_VERSION = 5.0;
			};
			name = Release;
		};
		959ACA03238C9E2C00B566D5 /* Debug */ = {
			isa = XCBuildConfiguration;
			buildSettings = {
				ASSETCATALOG_COMPILER_APPICON_NAME = AppIcon;
				CODE_SIGN_ENTITLEMENTS = tab_bar/tab_bar.entitlements;
				CODE_SIGN_STYLE = Automatic;
				COMBINE_HIDPI_IMAGES = YES;
				FRAMEWORK_SEARCH_PATHS = (
					"$(inherited)",
					"$(PROJECT_DIR)/Carthage/Build/Mac",
					"$(PROJECT_DIR)/Carthage/Build/iOS",
				);
				INFOPLIST_FILE = tab_bar/Info.plist;
				LD_RUNPATH_SEARCH_PATHS = (
					"$(inherited)",
					"@executable_path/../Frameworks",
				);
				PRODUCT_BUNDLE_IDENTIFIER = "com.anna.tab-bar";
				PRODUCT_NAME = "$(TARGET_NAME)";
				SWIFT_VERSION = 5.0;
			};
			name = Debug;
		};
		959ACA04238C9E2C00B566D5 /* Release */ = {
			isa = XCBuildConfiguration;
			buildSettings = {
				ASSETCATALOG_COMPILER_APPICON_NAME = AppIcon;
				CODE_SIGN_ENTITLEMENTS = tab_bar/tab_bar.entitlements;
				CODE_SIGN_STYLE = Automatic;
				COMBINE_HIDPI_IMAGES = YES;
				FRAMEWORK_SEARCH_PATHS = (
					"$(inherited)",
					"$(PROJECT_DIR)/Carthage/Build/Mac",
					"$(PROJECT_DIR)/Carthage/Build/iOS",
				);
				INFOPLIST_FILE = tab_bar/Info.plist;
				LD_RUNPATH_SEARCH_PATHS = (
					"$(inherited)",
					"@executable_path/../Frameworks",
				);
				PRODUCT_BUNDLE_IDENTIFIER = "com.anna.tab-bar";
				PRODUCT_NAME = "$(TARGET_NAME)";
				SWIFT_VERSION = 5.0;
			};
			name = Release;
		};
		959ACA06238C9E2C00B566D5 /* Debug */ = {
			isa = XCBuildConfiguration;
			buildSettings = {
				ALWAYS_EMBED_SWIFT_STANDARD_LIBRARIES = YES;
				BUNDLE_LOADER = "$(TEST_HOST)";
				CODE_SIGN_STYLE = Automatic;
				COMBINE_HIDPI_IMAGES = YES;
				INFOPLIST_FILE = tab_barTests/Info.plist;
				LD_RUNPATH_SEARCH_PATHS = (
					"$(inherited)",
					"@executable_path/../Frameworks",
					"@loader_path/../Frameworks",
				);
				MACOSX_DEPLOYMENT_TARGET = 10.14;
				PRODUCT_BUNDLE_IDENTIFIER = "com.anna.tab-barTests";
				PRODUCT_NAME = "$(TARGET_NAME)";
				SWIFT_VERSION = 5.0;
				TEST_HOST = "$(BUILT_PRODUCTS_DIR)/MagicTouch8.app/Contents/MacOS/MagicTouch8";
			};
			name = Debug;
		};
		959ACA07238C9E2C00B566D5 /* Release */ = {
			isa = XCBuildConfiguration;
			buildSettings = {
				ALWAYS_EMBED_SWIFT_STANDARD_LIBRARIES = YES;
				BUNDLE_LOADER = "$(TEST_HOST)";
				CODE_SIGN_STYLE = Automatic;
				COMBINE_HIDPI_IMAGES = YES;
				INFOPLIST_FILE = tab_barTests/Info.plist;
				LD_RUNPATH_SEARCH_PATHS = (
					"$(inherited)",
					"@executable_path/../Frameworks",
					"@loader_path/../Frameworks",
				);
				MACOSX_DEPLOYMENT_TARGET = 10.14;
				PRODUCT_BUNDLE_IDENTIFIER = "com.anna.tab-barTests";
				PRODUCT_NAME = "$(TARGET_NAME)";
				SWIFT_VERSION = 5.0;
				TEST_HOST = "$(BUILT_PRODUCTS_DIR)/MagicTouch8.app/Contents/MacOS/MagicTouch8";
			};
			name = Release;
		};
		959ACA09238C9E2C00B566D5 /* Debug */ = {
			isa = XCBuildConfiguration;
			buildSettings = {
				ALWAYS_EMBED_SWIFT_STANDARD_LIBRARIES = YES;
				CODE_SIGN_STYLE = Automatic;
				COMBINE_HIDPI_IMAGES = YES;
				INFOPLIST_FILE = tab_barUITests/Info.plist;
				LD_RUNPATH_SEARCH_PATHS = (
					"$(inherited)",
					"@executable_path/../Frameworks",
					"@loader_path/../Frameworks",
				);
				PRODUCT_BUNDLE_IDENTIFIER = "com.anna.tab-barUITests";
				PRODUCT_NAME = "$(TARGET_NAME)";
				SWIFT_VERSION = 5.0;
				TEST_TARGET_NAME = tab_bar;
			};
			name = Debug;
		};
		959ACA0A238C9E2C00B566D5 /* Release */ = {
			isa = XCBuildConfiguration;
			buildSettings = {
				ALWAYS_EMBED_SWIFT_STANDARD_LIBRARIES = YES;
				CODE_SIGN_STYLE = Automatic;
				COMBINE_HIDPI_IMAGES = YES;
				INFOPLIST_FILE = tab_barUITests/Info.plist;
				LD_RUNPATH_SEARCH_PATHS = (
					"$(inherited)",
					"@executable_path/../Frameworks",
					"@loader_path/../Frameworks",
				);
				PRODUCT_BUNDLE_IDENTIFIER = "com.anna.tab-barUITests";
				PRODUCT_NAME = "$(TARGET_NAME)";
				SWIFT_VERSION = 5.0;
				TEST_TARGET_NAME = tab_bar;
			};
			name = Release;
		};
/* End XCBuildConfiguration section */

/* Begin XCConfigurationList section */
		959AC9D7238C9E2A00B566D5 /* Build configuration list for PBXProject "MagicTouch8" */ = {
			isa = XCConfigurationList;
			buildConfigurations = (
				959ACA00238C9E2C00B566D5 /* Debug */,
				959ACA01238C9E2C00B566D5 /* Release */,
			);
			defaultConfigurationIsVisible = 0;
			defaultConfigurationName = Release;
		};
		959ACA02238C9E2C00B566D5 /* Build configuration list for PBXNativeTarget "MagicTouch8" */ = {
			isa = XCConfigurationList;
			buildConfigurations = (
				959ACA03238C9E2C00B566D5 /* Debug */,
				959ACA04238C9E2C00B566D5 /* Release */,
			);
			defaultConfigurationIsVisible = 0;
			defaultConfigurationName = Release;
		};
		959ACA05238C9E2C00B566D5 /* Build configuration list for PBXNativeTarget "MagicTouch8Tests" */ = {
			isa = XCConfigurationList;
			buildConfigurations = (
				959ACA06238C9E2C00B566D5 /* Debug */,
				959ACA07238C9E2C00B566D5 /* Release */,
			);
			defaultConfigurationIsVisible = 0;
			defaultConfigurationName = Release;
		};
		959ACA08238C9E2C00B566D5 /* Build configuration list for PBXNativeTarget "MagicTouch8UITests" */ = {
			isa = XCConfigurationList;
			buildConfigurations = (
				959ACA09238C9E2C00B566D5 /* Debug */,
				959ACA0A238C9E2C00B566D5 /* Release */,
			);
			defaultConfigurationIsVisible = 0;
			defaultConfigurationName = Release;
		};
/* End XCConfigurationList section */
	};
	rootObject = 959AC9D4238C9E2A00B566D5 /* Project object */;
}
